// !$*UTF8*$!
{
	archiveVersion = 1;
	classes = {
	};
	objectVersion = 46;
	objects = {

/* Begin PBXBuildFile section */
		5CB7C5AD1CA3670900DD850E /* main.m in Sources */ = {isa = PBXBuildFile; fileRef = 5CB7C5AC1CA3670900DD850E /* main.m */; };
		5CB7C5B41CA3672800DD850E /* CoreMIDI.framework in Frameworks */ = {isa = PBXBuildFile; fileRef = 5CB7C5B31CA3672800DD850E /* CoreMIDI.framework */; };
/* End PBXBuildFile section */

/* Begin PBXCopyFilesBuildPhase section */
		5CB7C5A71CA3670900DD850E /* CopyFiles */ = {
			isa = PBXCopyFilesBuildPhase;
			buildActionMask = 2147483647;
			dstPath = /usr/share/man/man1/;
			dstSubfolderSpec = 0;
			files = (
			);
			runOnlyForDeploymentPostprocessing = 1;
		};
/* End PBXCopyFilesBuildPhase section */

/* Begin PBXFileReference section */
		5CB7C5A91CA3670900DD850E /* CoreMIDITest */ = {isa = PBXFileReference; explicitFileType = "compiled.mach-o.executable"; includeInIndex = 0; path = CoreMIDITest; sourceTree = BUILT_PRODUCTS_DIR; };
		5CB7C5AC1CA3670900DD850E /* main.m */ = {isa = PBXFileReference; lastKnownFileType = sourcecode.c.objc; path = main.m; sourceTree = "<group>"; };
		5CB7C5B31CA3672800DD850E /* CoreMIDI.framework */ = {isa = PBXFileReference; lastKnownFileType = wrapper.framework; name = CoreMIDI.framework; path = System/Library/Frameworks/CoreMIDI.framework; sourceTree = SDKROOT; };
/* End PBXFileReference section */

/* Begin PBXFrameworksBuildPhase section */
		5CB7C5A61CA3670900DD850E /* Frameworks */ = {
			isa = PBXFrameworksBuildPhase;
			buildActionMask = 2147483647;
			files = (
				5CB7C5B41CA3672800DD850E /* CoreMIDI.framework in Frameworks */,
			);
			runOnlyForDeploymentPostprocessing = 0;
		};
/* End PBXFrameworksBuildPhase section */

/* Begin PBXGroup section */
		5CB7C5A01CA3670900DD850E = {
			isa = PBXGroup;
			children = (
				5CB7C5B31CA3672800DD850E /* CoreMIDI.framework */,
				5CB7C5AB1CA3670900DD850E /* CoreMIDITest */,
				5CB7C5AA1CA3670900DD850E /* Products */,
			);
			sourceTree = "<group>";
		};
		5CB7C5AA1CA3670900DD850E /* Products */ = {
			isa = PBXGroup;
			children = (
				5CB7C5A91CA3670900DD850E /* CoreMIDITest */,
			);
			name = Products;
			sourceTree = "<group>";
		};
		5CB7C5AB1CA3670900DD850E /* CoreMIDITest */ = {
			isa = PBXGroup;
			children = (
				5CB7C5AC1CA3670900DD850E /* main.m */,
			);
			path = CoreMIDITest;
			sourceTree = "<group>";
		};
/* End PBXGroup section */

/* Begin PBXNativeTarget section */
		5CB7C5A81CA3670900DD850E /* CoreMIDITest */ = {
			isa = PBXNativeTarget;
			buildConfigurationList = 5CB7C5B01CA3670900DD850E /* Build configuration list for PBXNativeTarget "CoreMIDITest" */;
			buildPhases = (
				5CB7C5A51CA3670900DD850E /* Sources */,
				5CB7C5A61CA3670900DD850E /* Frameworks */,
				5CB7C5A71CA3670900DD850E /* CopyFiles */,
			);
			buildRules = (
			);
			dependencies = (
			);
			name = CoreMIDITest;
			productName = CoreMIDITest;
			productReference = 5CB7C5A91CA3670900DD850E /* CoreMIDITest */;
			productType = "com.apple.product-type.tool";
		};
/* End PBXNativeTarget section */

/* Begin PBXProject section */
		5CB7C5A11CA3670900DD850E /* Project object */ = {
			isa = PBXProject;
			attributes = {
				LastUpgradeCheck = 0720;
				ORGANIZATIONNAME = "Daniel Song";
				TargetAttributes = {
					5CB7C5A81CA3670900DD850E = {
						CreatedOnToolsVersion = 7.2;
					};
				};
			};
			buildConfigurationList = 5CB7C5A41CA3670900DD850E /* Build configuration list for PBXProject "CoreMIDITest" */;
			compatibilityVersion = "Xcode 3.2";
			developmentRegion = English;
			hasScannedForEncodings = 0;
			knownRegions = (
				en,
			);
			mainGroup = 5CB7C5A01CA3670900DD850E;
			productRefGroup = 5CB7C5AA1CA3670900DD850E /* Products */;
			projectDirPath = "";
			projectRoot = "";
			targets = (
				5CB7C5A81CA3670900DD850E /* CoreMIDITest */,
			);
		};
/* End PBXProject section */

/* Begin PBXSourcesBuildPhase section */
		5CB7C5A51CA3670900DD850E /* Sources */ = {
			isa = PBXSourcesBuildPhase;
			buildActionMask = 2147483647;
			files = (
				5CB7C5AD1CA3670900DD850E /* main.m in Sources */,
			);
			runOnlyForDeploymentPostprocessing = 0;
		};
/* End PBXSourcesBuildPhase section */

/* Begin XCBuildConfiguration section */
		5CB7C5AE1CA3670900DD850E /* Debug */ = {
			isa = XCBuildConfiguration;
			buildSettings = {
				ALWAYS_SEARCH_USER_PATHS = NO;
				CLANG_CXX_LANGUAGE_STANDARD = "gnu++0x";
				CLANG_CXX_LIBRARY = "libc++";
				CLANG_ENABLE_MODULES = YES;
				CLANG_ENABLE_OBJC_ARC = YES;
				CLANG_WARN_BOOL_CONVERSION = YES;
				CLANG_WARN_CONSTANT_CONVERSION = YES;
				CLANG_WARN_DIRECT_OBJC_ISA_USAGE = YES_ERROR;
				CLANG_WARN_EMPTY_BODY = YES;
				CLANG_WARN_ENUM_CONVERSION = YES;
				CLANG_WARN_INT_CONVERSION = YES;
				CLANG_WARN_OBJC_ROOT_CLASS = YES_ERROR;
				CLANG_WARN_UNREACHABLE_CODE = YES;
				CLANG_WARN__DUPLICATE_METHOD_MATCH = YES;
				CODE_SIGN_IDENTITY = "-";
				COPY_PHASE_STRIP = NO;
				DEBUG_INFORMATION_FORMAT = dwarf;
				ENABLE_STRICT_OBJC_MSGSEND = YES;
				ENABLE_TESTABILITY = YES;
				GCC_C_LANGUAGE_STANDARD = gnu99;
				GCC_DYNAMIC_NO_PIC = NO;
				GCC_NO_COMMON_BLOCKS = YES;
				GCC_OPTIMIZATION_LEVEL = 0;
				GCC_PREPROCESSOR_DEFINITIONS = (
					"DEBUG=1",
					"$(inherited)",
				);
				GCC_WARN_64_TO_32_BIT_CONVERSION = YES;
				GCC_WARN_ABOUT_RETURN_TYPE = YES_ERROR;
				GCC_WARN_UNDECLARED_SELECTOR = YES;
				GCC_WARN_UNINITIALIZED_AUTOS = YES_AGGRESSIVE;
				GCC_WARN_UNUSED_FUNCTION = YES;
				GCC_WARN_UNUSED_VARIABLE = YES;
				MACOSX_DEPLOYMENT_TARGET = 10.11;
				MTL_ENABLE_DEBUG_INFO = YES;
				ONLY_ACTIVE_ARCH = YES;
				SDKROOT = macosx;
			};
			name = Debug;
		};
		5CB7C5AF1CA3670900DD850E /* Release */ = {
			isa = XCBuildConfiguration;
			buildSettings = {
				ALWAYS_SEARCH_USER_PATHS = NO;
				CLANG_CXX_LANGUAGE_STANDARD = "gnu++0x";
				CLANG_CXX_LIBRARY = "libc++";
				CLANG_ENABLE_MODULES = YES;
				CLANG_ENABLE_OBJC_ARC = YES;
				CLANG_WARN_BOOL_CONVERSION = YES;
				CLANG_WARN_CONSTANT_CONVERSION = YES;
				CLANG_WARN_DIRECT_OBJC_ISA_USAGE = YES_ERROR;
				CLANG_WARN_EMPTY_BODY = YES;
				CLANG_WARN_ENUM_CONVERSION = YES;
				CLANG_WARN_INT_CONVERSION = YES;
				CLANG_WARN_OBJC_ROOT_CLASS = YES_ERROR;
				CLANG_WARN_UNREACHABLE_CODE = YES;
				CLANG_WARN__DUPLICATE_METHOD_MATCH = YES;
				CODE_SIGN_IDENTITY = "-";
				COPY_PHASE_STRIP = NO;
				DEBUG_INFORMATION_FORMAT = "dwarf-with-dsym";
				ENABLE_NS_ASSERTIONS = NO;
				ENABLE_STRICT_OBJC_MSGSEND = YES;
				GCC_C_LANGUAGE_STANDARD = gnu99;
				GCC_NO_COMMON_BLOCKS = YES;
				GCC_WARN_64_TO_32_BIT_CONVERSION = YES;
				GCC_WARN_ABOUT_RETURN_TYPE = YES_ERROR;
				GCC_WARN_UNDECLARED_SELECTOR = YES;
				GCC_WARN_UNINITIALIZED_AUTOS = YES_AGGRESSIVE;
				GCC_WARN_UNUSED_FUNCTION = YES;
				GCC_WARN_UNUSED_VARIABLE = YES;
				MACOSX_DEPLOYMENT_TARGET = 10.11;
				MTL_ENABLE_DEBUG_INFO = NO;
				SDKROOT = macosx;
			};
			name = Release;
		};
		5CB7C5B11CA3670900DD850E /* Debug */ = {
			isa = XCBuildConfiguration;
			buildSettings = {
				PRODUCT_NAME = "$(TARGET_NAME)";
			};
			name = Debug;
		};
		5CB7C5B21CA3670900DD850E /* Release */ = {
			isa = XCBuildConfiguration;
			buildSettings = {
				PRODUCT_NAME = "$(TARGET_NAME)";
			};
			name = Release;
		};
/* End XCBuildConfiguration section */

/* Begin XCConfigurationList section */
		5CB7C5A41CA3670900DD850E /* Build configuration list for PBXProject "CoreMIDITest" */ = {
			isa = XCConfigurationList;
			buildConfigurations = (
				5CB7C5AE1CA3670900DD850E /* Debug */,
				5CB7C5AF1CA3670900DD850E /* Release */,
			);
			defaultConfigurationIsVisible = 0;
			defaultConfigurationName = Release;
		};
		5CB7C5B01CA3670900DD850E /* Build configuration list for PBXNativeTarget "CoreMIDITest" */ = {
			isa = XCConfigurationList;
			buildConfigurations = (
				5CB7C5B11CA3670900DD850E /* Debug */,
				5CB7C5B21CA3670900DD850E /* Release */,
			);
			defaultConfigurationIsVisible = 0;
		};
/* End XCConfigurationList section */
	};
	rootObject = 5CB7C5A11CA3670900DD850E /* Project object */;
}
